
Microsoft Visual Studio Solution File, Format Version 12.00
# Visual Studio Version 17
VisualStudioVersion = 17.4.33205.214
MinimumVisualStudioVersion = 10.0.40219.1
Project("{9A19103F-16F7-4668-BE54-9A1E7A4F7556}") = "buy3i.api", "buy3i.api\buy3i.api.csproj", "{B5A04672-88BF-4F6C-A52D-C99781D60BC5}"
EndProject
Project("{FAE04EC0-301F-11D3-BF4B-00C04F79EFBC}") = "buy3i.web", "buy3i.web\buy3i.web.csproj", "{C12F74C3-F2BC-4594-BA7F-FB01A080D793}"
EndProject
Global
	GlobalSection(SolutionConfigurationPlatforms) = preSolution
		Debug|Any CPU = Debug|Any CPU
		Release|Any CPU = Release|Any CPU
	EndGlobalSection
	GlobalSection(ProjectConfigurationPlatforms) = postSolution
		{B5A04672-88BF-4F6C-A52D-C99781D60BC5}.Debug|Any CPU.ActiveCfg = Debug|Any CPU
		{B5A04672-88BF-4F6C-A52D-C99781D60BC5}.Debug|Any CPU.Build.0 = Debug|Any CPU
		{B5A04672-88BF-4F6C-A52D-C99781D60BC5}.Release|Any CPU.ActiveCfg = Release|Any CPU
		{B5A04672-88BF-4F6C-A52D-C99781D60BC5}.Release|Any CPU.Build.0 = Release|Any CPU
		{C12F74C3-F2BC-4594-BA7F-FB01A080D793}.Debug|Any CPU.ActiveCfg = Debug|Any CPU
		{C12F74C3-F2BC-4594-BA7F-FB01A080D793}.Debug|Any CPU.Build.0 = Debug|Any CPU
		{C12F74C3-F2BC-4594-BA7F-FB01A080D793}.Release|Any CPU.ActiveCfg = Release|Any CPU
		{C12F74C3-F2BC-4594-BA7F-FB01A080D793}.Release|Any CPU.Build.0 = Release|Any CPU
	EndGlobalSection
	GlobalSection(SolutionProperties) = preSolution
		HideSolutionNode = FALSE
	EndGlobalSection
	GlobalSection(ExtensibilityGlobals) = postSolution
		SolutionGuid = {E3746DBC-B6F4-428D-AF92-17EFAD0444ED}
	EndGlobalSection
EndGlobal
